
Microsoft Visual Studio Solution File, Format Version 12.00
# Visual Studio 15
VisualStudioVersion = 15.0.27130.2026
MinimumVisualStudioVersion = 10.0.40219.1
Project("{FAE04EC0-301F-11D3-BF4B-00C04F79EFBC}") = "RoslynAnalyzers", "RoslynAnalyzers\RoslynAnalyzers\RoslynAnalyzers.csproj", "{0ADBC969-756D-4904-9231-9B8A05430ACE}"
EndProject
Project("{FAE04EC0-301F-11D3-BF4B-00C04F79EFBC}") = "RoslynAnalyzers.Test", "RoslynAnalyzers\RoslynAnalyzers.Test\RoslynAnalyzers.Test.csproj", "{6A7653B6-A40F-47C9-83D4-1672EF359F15}"
EndProject
Project("{FAE04EC0-301F-11D3-BF4B-00C04F79EFBC}") = "RoslynAnalyzers.Vsix", "RoslynAnalyzers\RoslynAnalyzers.Vsix\RoslynAnalyzers.Vsix.csproj", "{574C7DC9-F088-4353-AF81-68CE877272BC}"
EndProject
Global
	GlobalSection(SolutionConfigurationPlatforms) = preSolution
		Debug|Any CPU = Debug|Any CPU
		Release|Any CPU = Release|Any CPU
	EndGlobalSection
	GlobalSection(ProjectConfigurationPlatforms) = postSolution
		{0ADBC969-756D-4904-9231-9B8A05430ACE}.Debug|Any CPU.ActiveCfg = Debug|Any CPU
		{0ADBC969-756D-4904-9231-9B8A05430ACE}.Debug|Any CPU.Build.0 = Debug|Any CPU
		{0ADBC969-756D-4904-9231-9B8A05430ACE}.Release|Any CPU.ActiveCfg = Release|Any CPU
		{0ADBC969-756D-4904-9231-9B8A05430ACE}.Release|Any CPU.Build.0 = Release|Any CPU
		{6A7653B6-A40F-47C9-83D4-1672EF359F15}.Debug|Any CPU.ActiveCfg = Debug|Any CPU
		{6A7653B6-A40F-47C9-83D4-1672EF359F15}.Debug|Any CPU.Build.0 = Debug|Any CPU
		{6A7653B6-A40F-47C9-83D4-1672EF359F15}.Release|Any CPU.ActiveCfg = Release|Any CPU
		{6A7653B6-A40F-47C9-83D4-1672EF359F15}.Release|Any CPU.Build.0 = Release|Any CPU
		{574C7DC9-F088-4353-AF81-68CE877272BC}.Debug|Any CPU.ActiveCfg = Debug|Any CPU
		{574C7DC9-F088-4353-AF81-68CE877272BC}.Debug|Any CPU.Build.0 = Debug|Any CPU
		{574C7DC9-F088-4353-AF81-68CE877272BC}.Release|Any CPU.ActiveCfg = Release|Any CPU
		{574C7DC9-F088-4353-AF81-68CE877272BC}.Release|Any CPU.Build.0 = Release|Any CPU
	EndGlobalSection
	GlobalSection(SolutionProperties) = preSolution
		HideSolutionNode = FALSE
	EndGlobalSection
	GlobalSection(ExtensibilityGlobals) = postSolution
		SolutionGuid = {3C4BB113-0C6A-4168-AD72-D9E19FAC7840}
	EndGlobalSection
EndGlobal
